
Microsoft Visual Studio Solution File, Format Version 12.00
# Visual Studio Version 16
VisualStudioVersion = 16.0.31515.178
MinimumVisualStudioVersion = 10.0.40219.1
Project("{FAE04EC0-301F-11D3-BF4B-00C04F79EFBC}") = "SOLID_SRP", "SOLID_SRP\SOLID_SRP.csproj", "{95BD929B-DA88-4BC9-89E1-B46AF7B46C70}"
EndProject
Project("{FAE04EC0-301F-11D3-BF4B-00C04F79EFBC}") = "SOLID_Project_Ver_0", "SOLID_Project_Ver_0\SOLID_Project_Ver_0.csproj", "{97FFB38F-6CC3-47C0-9A11-2CF960B07EE0}"
EndProject
Project("{FAE04EC0-301F-11D3-BF4B-00C04F79EFBC}") = "SOLID_Entities", "SOLID_Entities\SOLID_Entities.csproj", "{27FFCE95-153D-4647-BCDB-90A9559806E6}"
EndProject
Project("{FAE04EC0-301F-11D3-BF4B-00C04F79EFBC}") = "SOLID_Project_Ver_1", "SOLID_Project_Ver_1\SOLID_Project_Ver_1.csproj", "{565D460F-CBE7-46A5-A9E3-020875DAA4F0}"
EndProject
Project("{FAE04EC0-301F-11D3-BF4B-00C04F79EFBC}") = "SOLID_OCP", "SOLID_OCP\SOLID_OCP.csproj", "{6D436C13-4020-4118-8EFF-A445C86030F4}"
EndProject
Project("{2150E333-8FDC-42A3-9474-1A3956D46DE8}") = "03_SOLID_LSP", "03_SOLID_LSP", "{506D7903-EDA7-48D1-B2E7-E32BAA9D8DE7}"
EndProject
Project("{FAE04EC0-301F-11D3-BF4B-00C04F79EFBC}") = "SOLID_LSP", "SOLID_LSP\SOLID_LSP.csproj", "{DFC7FB21-D2BE-4626-9DA3-022D0D232174}"
EndProject
Project("{2150E333-8FDC-42A3-9474-1A3956D46DE8}") = "02_SOLID_OCP", "02_SOLID_OCP", "{861B1164-2425-40C7-8FF0-FC2C0B3FE725}"
EndProject
Project("{2150E333-8FDC-42A3-9474-1A3956D46DE8}") = "01_SOLID_SRP", "01_SOLID_SRP", "{7A83B8F7-BF68-4876-9913-89AE40AF4999}"
EndProject
Project("{2150E333-8FDC-42A3-9474-1A3956D46DE8}") = "04_SOLID_ISP", "04_SOLID_ISP", "{C420A972-C705-4018-9A57-4CC9FA2E3819}"
EndProject
Project("{FAE04EC0-301F-11D3-BF4B-00C04F79EFBC}") = "SOLID_ISP", "SOLID_ISP\SOLID_ISP.csproj", "{8FBC1DB1-E790-4AF4-B372-035C05CE3BB0}"
EndProject
Project("{FAE04EC0-301F-11D3-BF4B-00C04F79EFBC}") = "SOLID_DIP", "SOLID_DIP\SOLID_DIP.csproj", "{4C1F66FE-B01D-4EB3-8579-0AADDB9CD12F}"
EndProject
Project("{2150E333-8FDC-42A3-9474-1A3956D46DE8}") = "05_SOLID_DIP", "05_SOLID_DIP", "{C1874982-91D8-4E20-809E-C91A7C6F91F9}"
EndProject
Project("{2150E333-8FDC-42A3-9474-1A3956D46DE8}") = "06_SOLID_DIP", "06_SOLID_DIP", "{8D251283-48B4-4C23-9700-0A4B15560A34}"
EndProject
Project("{FAE04EC0-301F-11D3-BF4B-00C04F79EFBC}") = "SOLID_DIP_TOOLS", "SOLID_DIP_TOOLS\SOLID_DIP_TOOLS.csproj", "{E15B55AF-A882-4244-A8D9-9201BA748C0F}"
EndProject
Global
	GlobalSection(SolutionConfigurationPlatforms) = preSolution
		Debug|Any CPU = Debug|Any CPU
		Release|Any CPU = Release|Any CPU
	EndGlobalSection
	GlobalSection(ProjectConfigurationPlatforms) = postSolution
		{95BD929B-DA88-4BC9-89E1-B46AF7B46C70}.Debug|Any CPU.ActiveCfg = Debug|Any CPU
		{95BD929B-DA88-4BC9-89E1-B46AF7B46C70}.Debug|Any CPU.Build.0 = Debug|Any CPU
		{95BD929B-DA88-4BC9-89E1-B46AF7B46C70}.Release|Any CPU.ActiveCfg = Release|Any CPU
		{95BD929B-DA88-4BC9-89E1-B46AF7B46C70}.Release|Any CPU.Build.0 = Release|Any CPU
		{97FFB38F-6CC3-47C0-9A11-2CF960B07EE0}.Debug|Any CPU.ActiveCfg = Debug|Any CPU
		{97FFB38F-6CC3-47C0-9A11-2CF960B07EE0}.Debug|Any CPU.Build.0 = Debug|Any CPU
		{97FFB38F-6CC3-47C0-9A11-2CF960B07EE0}.Release|Any CPU.ActiveCfg = Release|Any CPU
		{97FFB38F-6CC3-47C0-9A11-2CF960B07EE0}.Release|Any CPU.Build.0 = Release|Any CPU
		{27FFCE95-153D-4647-BCDB-90A9559806E6}.Debug|Any CPU.ActiveCfg = Debug|Any CPU
		{27FFCE95-153D-4647-BCDB-90A9559806E6}.Debug|Any CPU.Build.0 = Debug|Any CPU
		{27FFCE95-153D-4647-BCDB-90A9559806E6}.Release|Any CPU.ActiveCfg = Release|Any CPU
		{27FFCE95-153D-4647-BCDB-90A9559806E6}.Release|Any CPU.Build.0 = Release|Any CPU
		{565D460F-CBE7-46A5-A9E3-020875DAA4F0}.Debug|Any CPU.ActiveCfg = Debug|Any CPU
		{565D460F-CBE7-46A5-A9E3-020875DAA4F0}.Debug|Any CPU.Build.0 = Debug|Any CPU
		{565D460F-CBE7-46A5-A9E3-020875DAA4F0}.Release|Any CPU.ActiveCfg = Release|Any CPU
		{565D460F-CBE7-46A5-A9E3-020875DAA4F0}.Release|Any CPU.Build.0 = Release|Any CPU
		{6D436C13-4020-4118-8EFF-A445C86030F4}.Debug|Any CPU.ActiveCfg = Debug|Any CPU
		{6D436C13-4020-4118-8EFF-A445C86030F4}.Debug|Any CPU.Build.0 = Debug|Any CPU
		{6D436C13-4020-4118-8EFF-A445C86030F4}.Release|Any CPU.ActiveCfg = Release|Any CPU
		{6D436C13-4020-4118-8EFF-A445C86030F4}.Release|Any CPU.Build.0 = Release|Any CPU
		{DFC7FB21-D2BE-4626-9DA3-022D0D232174}.Debug|Any CPU.ActiveCfg = Debug|Any CPU
		{DFC7FB21-D2BE-4626-9DA3-022D0D232174}.Debug|Any CPU.Build.0 = Debug|Any CPU
		{DFC7FB21-D2BE-4626-9DA3-022D0D232174}.Release|Any CPU.ActiveCfg = Release|Any CPU
		{DFC7FB21-D2BE-4626-9DA3-022D0D232174}.Release|Any CPU.Build.0 = Release|Any CPU
		{8FBC1DB1-E790-4AF4-B372-035C05CE3BB0}.Debug|Any CPU.ActiveCfg = Debug|Any CPU
		{8FBC1DB1-E790-4AF4-B372-035C05CE3BB0}.Debug|Any CPU.Build.0 = Debug|Any CPU
		{8FBC1DB1-E790-4AF4-B372-035C05CE3BB0}.Release|Any CPU.ActiveCfg = Release|Any CPU
		{8FBC1DB1-E790-4AF4-B372-035C05CE3BB0}.Release|Any CPU.Build.0 = Release|Any CPU
		{4C1F66FE-B01D-4EB3-8579-0AADDB9CD12F}.Debug|Any CPU.ActiveCfg = Debug|Any CPU
		{4C1F66FE-B01D-4EB3-8579-0AADDB9CD12F}.Debug|Any CPU.Build.0 = Debug|Any CPU
		{4C1F66FE-B01D-4EB3-8579-0AADDB9CD12F}.Release|Any CPU.ActiveCfg = Release|Any CPU
		{4C1F66FE-B01D-4EB3-8579-0AADDB9CD12F}.Release|Any CPU.Build.0 = Release|Any CPU
		{E15B55AF-A882-4244-A8D9-9201BA748C0F}.Debug|Any CPU.ActiveCfg = Debug|Any CPU
		{E15B55AF-A882-4244-A8D9-9201BA748C0F}.Debug|Any CPU.Build.0 = Debug|Any CPU
		{E15B55AF-A882-4244-A8D9-9201BA748C0F}.Release|Any CPU.ActiveCfg = Release|Any CPU
		{E15B55AF-A882-4244-A8D9-9201BA748C0F}.Release|Any CPU.Build.0 = Release|Any CPU
	EndGlobalSection
	GlobalSection(SolutionProperties) = preSolution
		HideSolutionNode = FALSE
	EndGlobalSection
	GlobalSection(NestedProjects) = preSolution
		{95BD929B-DA88-4BC9-89E1-B46AF7B46C70} = {7A83B8F7-BF68-4876-9913-89AE40AF4999}
		{6D436C13-4020-4118-8EFF-A445C86030F4} = {861B1164-2425-40C7-8FF0-FC2C0B3FE725}
		{DFC7FB21-D2BE-4626-9DA3-022D0D232174} = {506D7903-EDA7-48D1-B2E7-E32BAA9D8DE7}
		{8FBC1DB1-E790-4AF4-B372-035C05CE3BB0} = {C420A972-C705-4018-9A57-4CC9FA2E3819}
		{4C1F66FE-B01D-4EB3-8579-0AADDB9CD12F} = {C1874982-91D8-4E20-809E-C91A7C6F91F9}
		{E15B55AF-A882-4244-A8D9-9201BA748C0F} = {8D251283-48B4-4C23-9700-0A4B15560A34}
	EndGlobalSection
	GlobalSection(ExtensibilityGlobals) = postSolution
		SolutionGuid = {0043C6DA-33FD-4FB4-AACC-89CB3DAED73D}
	EndGlobalSection
EndGlobal
